[[package]]
category = "main"
description = "Cross-platform colored terminal text."
marker = "sys_platform == \"win32\""
name = "colorama"
optional = false
python-versions = "*"
version = "0.3.9"

[[package]]
category = "main"
description = "A simple testing framework for command line applications"
name = "cram"
optional = false
python-versions = "*"
version = "0.7"

[[package]]
category = "main"
description = "library with cross-python path, ini-parsing, io, code, log facilities"
name = "py"
optional = false
python-versions = "*"
version = "1.4.34"

[[package]]
category = "main"
description = "pytest: simple powerful testing with Python"
name = "pytest"
optional = false
python-versions = "*"
version = "3.2.5"

[package.dependencies]
colorama = "*"
py = ">=1.4.33"
setuptools = "*"

[[package]]
category = "main"
description = "Run cram tests with pytest."
name = "pytest-cram"
optional = false
python-versions = "*"
version = "0.2.0"

[package.dependencies]
cram = ">=0.7"
pytest = ">=2.8"

[metadata]
content-hash = "0e761b2d9fa982acb4f14ba3da59561bf35f66cb7e167213d58dbc5b56b4e947"
python-versions = ">=2.7, !=3.0, !=3.1, !=3.2, !=3.3, !=3.4, <4"

[metadata.hashes]
colorama = ["463f8483208e921368c9f306094eb6f725c6ca42b0f97e313cb5d5512459feda", "48eb22f4f8461b1df5734a074b57042430fb06e1d61bd1e11b078c0fe6d7a1f1"]
cram = ["008e4e8b4d325cf040964b5f62460535b004a7bc816d54f8527a4d299edfe4a3", "7da7445af2ce15b90aad5ec4792f857cef5786d71f14377e9eb994d8b8337f2f"]
py = ["0f2d585d22050e90c7d293b6451c83db097df77871974d90efd5a30dc12fcde3", "2ccb79b01769d99115aa600d7eed99f524bf752bba8f041dc1c184853514655a"]
pytest = ["241d7e7798d79192a123ceaf64c602b4d233eacf6d6e42ae27caa97f498b7dc6", "6d5bd4f7113b444c55a3bbb5c738a3dd80d43563d063fc42dcb0aaefbdd78b81"]
pytest-cram = ["1687432123c722fcee00acf69ebddd0e606e87a6adf6caf9d2241d3c722bd700"]
